
Microsoft Visual Studio Solution File, Format Version 12.00
# Visual Studio 15
Project("{FAE04EC0-301F-11D3-BF4B-00C04F79EFBC}") = "Assembly-CSharp", "Assembly-CSharp.csproj", "{7ADE6057-E756-93BE-BCFA-CF701008F62C}"
EndProject
Project("{FAE04EC0-301F-11D3-BF4B-00C04F79EFBC}") = "GameAssembly", "GameAssembly.csproj", "{F50E6618-95A9-B5A3-43B0-893FEC07A285}"
EndProject
Project("{FAE04EC0-301F-11D3-BF4B-00C04F79EFBC}") = "Tests", "Tests.csproj", "{57FD7DE2-8DB2-273F-0064-4A64F56BDF58}"
EndProject
Global
	GlobalSection(SolutionConfigurationPlatforms) = preSolution
		Debug|Any CPU = Debug|Any CPU
		Release|Any CPU = Release|Any CPU
	EndGlobalSection
	GlobalSection(ProjectConfigurationPlatforms) = postSolution
		{7ADE6057-E756-93BE-BCFA-CF701008F62C}.Debug|Any CPU.ActiveCfg = Debug|Any CPU
		{7ADE6057-E756-93BE-BCFA-CF701008F62C}.Debug|Any CPU.Build.0 = Debug|Any CPU
		{7ADE6057-E756-93BE-BCFA-CF701008F62C}.Release|Any CPU.ActiveCfg = Release|Any CPU
		{7ADE6057-E756-93BE-BCFA-CF701008F62C}.Release|Any CPU.Build.0 = Release|Any CPU
		{F50E6618-95A9-B5A3-43B0-893FEC07A285}.Debug|Any CPU.ActiveCfg = Debug|Any CPU
		{F50E6618-95A9-B5A3-43B0-893FEC07A285}.Debug|Any CPU.Build.0 = Debug|Any CPU
		{F50E6618-95A9-B5A3-43B0-893FEC07A285}.Release|Any CPU.ActiveCfg = Release|Any CPU
		{F50E6618-95A9-B5A3-43B0-893FEC07A285}.Release|Any CPU.Build.0 = Release|Any CPU
		{57FD7DE2-8DB2-273F-0064-4A64F56BDF58}.Debug|Any CPU.ActiveCfg = Debug|Any CPU
		{57FD7DE2-8DB2-273F-0064-4A64F56BDF58}.Debug|Any CPU.Build.0 = Debug|Any CPU
		{57FD7DE2-8DB2-273F-0064-4A64F56BDF58}.Release|Any CPU.ActiveCfg = Release|Any CPU
		{57FD7DE2-8DB2-273F-0064-4A64F56BDF58}.Release|Any CPU.Build.0 = Release|Any CPU
	EndGlobalSection
	GlobalSection(SolutionProperties) = preSolution
		HideSolutionNode = FALSE
	EndGlobalSection
EndGlobal
